{
  "lockfileVersion": 1,
  "workspaces": {
    "": {
      "name": "orpc-contract-spec-gen",
      "dependencies": {
        "@orpc/client": "^1.13.2",
        "@orpc/openapi": "^1.13.2",
        "@orpc/openapi-client": "^1.13.2",
        "@orpc/server": "^1.13.2",
        "zod": "^4.2.1",
      },
      "devDependencies": {
        "@types/bun": "latest",
      },
      "peerDependencies": {
        "typescript": "^5",
      },
    },
  },
  "packages": {
    "@orpc/client": ["@orpc/client@1.13.2", "", { "dependencies": { "@orpc/shared": "1.13.2", "@orpc/standard-server": "1.13.2", "@orpc/standard-server-fetch": "1.13.2", "@orpc/standard-server-peer": "1.13.2" } }, "sha512-xlT72B4EFVCEGPev5edEfN5uqu4fnxZyOoCq9UWUAyj0gNDTCF2Z5mfmA4mdBgwV90k+lIcGLMnUI25baedqpw=="],

    "@orpc/contract": ["@orpc/contract@1.13.2", "", { "dependencies": { "@orpc/client": "1.13.2", "@orpc/shared": "1.13.2", "@standard-schema/spec": "^1.1.0", "openapi-types": "^12.1.3" } }, "sha512-td5ExzLPQ2y2zE9itgqod5gmC3WvCFIlkyJSNFRCRhff04PzokE9/hjqGhW5zsNgKuv4rcPYOrkh0e/YiyFndQ=="],

    "@orpc/interop": ["@orpc/interop@1.13.2", "", {}, "sha512-N6AHeREWsXBm0KPShIwwwuPEwGR+slWgyLchXfQYE0HLEQmf2wSZYhoawgaaETl5EoPc6Z7/LUaTqPCE380CzQ=="],

    "@orpc/openapi": ["@orpc/openapi@1.13.2", "", { "dependencies": { "@orpc/client": "1.13.2", "@orpc/contract": "1.13.2", "@orpc/interop": "1.13.2", "@orpc/openapi-client": "1.13.2", "@orpc/server": "1.13.2", "@orpc/shared": "1.13.2", "@orpc/standard-server": "1.13.2", "json-schema-typed": "^8.0.2", "rou3": "^0.7.12" } }, "sha512-O9p0WIizUTIxoghPWYV18Lc0ke4gkQnoWee6VVoxhj/k4KcLjTHgP9MjXAS3VvNidfKR8K2ptLpo3NZnBXN7ZA=="],

    "@orpc/openapi-client": ["@orpc/openapi-client@1.13.2", "", { "dependencies": { "@orpc/client": "1.13.2", "@orpc/contract": "1.13.2", "@orpc/shared": "1.13.2", "@orpc/standard-server": "1.13.2" } }, "sha512-RLBLG5NB14vixJm+Sawi3hip1QEo7G1b+NZjynEjUqgP7fFww4RLZLFWbrjlst9myYQOKkKCHtOYCSztCG5oXQ=="],

    "@orpc/server": ["@orpc/server@1.13.2", "", { "dependencies": { "@orpc/client": "1.13.2", "@orpc/contract": "1.13.2", "@orpc/interop": "1.13.2", "@orpc/shared": "1.13.2", "@orpc/standard-server": "1.13.2", "@orpc/standard-server-aws-lambda": "1.13.2", "@orpc/standard-server-fastify": "1.13.2", "@orpc/standard-server-fetch": "1.13.2", "@orpc/standard-server-node": "1.13.2", "@orpc/standard-server-peer": "1.13.2", "cookie": "^1.1.1" }, "peerDependencies": { "crossws": ">=0.3.4", "ws": ">=8.18.1" }, "optionalPeers": ["crossws", "ws"] }, "sha512-sHGMT5eQ9eFSfXeRr6F3wkVRm76fUJzDurtCIZe5koStS20e5YZOkg7FH5kZb57c0d/EqvqPAbdHD8WRVl4qLQ=="],

    "@orpc/shared": ["@orpc/shared@1.13.2", "", { "dependencies": { "radash": "^12.1.1", "type-fest": "^5.3.1" }, "peerDependencies": { "@opentelemetry/api": ">=1.9.0" }, "optionalPeers": ["@opentelemetry/api"] }, "sha512-1icIwoMxtXSTwGFJE2u/Hu4XhZQS81bk0hvRcG7jHATATTMLcNAFR+sv3AG56WTH6yF3C1A96VpYzvCYRUseFA=="],

    "@orpc/standard-server": ["@orpc/standard-server@1.13.2", "", { "dependencies": { "@orpc/shared": "1.13.2" } }, "sha512-qjxKOvCg2mYBQMPdjEqQEDI+F/v6qm9zKMeFsfxnWKvPhDrPSEk8x40vdXlLbbpW6TCXpQikpycfdvq5H4Nb+Q=="],

    "@orpc/standard-server-aws-lambda": ["@orpc/standard-server-aws-lambda@1.13.2", "", { "dependencies": { "@orpc/shared": "1.13.2", "@orpc/standard-server": "1.13.2", "@orpc/standard-server-fetch": "1.13.2", "@orpc/standard-server-node": "1.13.2" } }, "sha512-Gkw72+b5eZKjsSJ5zT4vsnEbHww8An1hkkai4jmLvADtujQQMccjhWNTC7MKGBe1/M818plnfbhqmLx+2rU0IA=="],

    "@orpc/standard-server-fastify": ["@orpc/standard-server-fastify@1.13.2", "", { "dependencies": { "@orpc/shared": "1.13.2", "@orpc/standard-server": "1.13.2", "@orpc/standard-server-node": "1.13.2" }, "peerDependencies": { "fastify": ">=5.6.1" }, "optionalPeers": ["fastify"] }, "sha512-N8GHu9GHDm7wQePdTfWxWaJQPGXyjsirHTjJZEBbUDR0R64C8b2JCt+eK1iq9DK3Oc5kYNJUWZQhwlZUCWCClg=="],

    "@orpc/standard-server-fetch": ["@orpc/standard-server-fetch@1.13.2", "", { "dependencies": { "@orpc/shared": "1.13.2", "@orpc/standard-server": "1.13.2" } }, "sha512-JanRDFk78kB8/P5NljV1nx3zcpBsTC9sCAhBcE3ezY1u3Kvt7teRhPxRXcoD0TEBdQjEUeXcqX+zEh4Op2E8nw=="],

    "@orpc/standard-server-node": ["@orpc/standard-server-node@1.13.2", "", { "dependencies": { "@orpc/shared": "1.13.2", "@orpc/standard-server": "1.13.2", "@orpc/standard-server-fetch": "1.13.2" } }, "sha512-asWTGGQEcBKkpz6qEsn0Gfdsj0eZ4zDp/P89jJFuYEREwqsWMrZSiyEQNcCU0Q6UoLai+Wvil575L58i3Adgmg=="],

    "@orpc/standard-server-peer": ["@orpc/standard-server-peer@1.13.2", "", { "dependencies": { "@orpc/shared": "1.13.2", "@orpc/standard-server": "1.13.2" } }, "sha512-LMxaMSmp98jnm0jiHpqPgH5qHXeOvah7pmysrcLaqMfwH+GwRS6S+/ls2hAy9aIba4LrTZyIpTgSohHD/Ed73g=="],

    "@standard-schema/spec": ["@standard-schema/spec@1.1.0", "", {}, "sha512-l2aFy5jALhniG5HgqrD6jXLi/rUWrKvqN/qJx6yoJsgKhblVd+iqqU4RCXavm/jPityDo5TCvKMnpjKnOriy0w=="],

    "@types/bun": ["@types/bun@1.3.5", "", { "dependencies": { "bun-types": "1.3.5" } }, "sha512-RnygCqNrd3srIPEWBd5LFeUYG7plCoH2Yw9WaZGyNmdTEei+gWaHqydbaIRkIkcbXwhBT94q78QljxN0Sk838w=="],

    "@types/node": ["@types/node@25.0.3", "", { "dependencies": { "undici-types": "~7.16.0" } }, "sha512-W609buLVRVmeW693xKfzHeIV6nJGGz98uCPfeXI1ELMLXVeKYZ9m15fAMSaUPBHYLGFsVRcMmSCksQOrZV9BYA=="],

    "bun-types": ["bun-types@1.3.5", "", { "dependencies": { "@types/node": "*" } }, "sha512-inmAYe2PFLs0SUbFOWSVD24sg1jFlMPxOjOSSCYqUgn4Hsc3rDc7dFvfVYjFPNHtov6kgUeulV4SxbuIV/stPw=="],

    "cookie": ["cookie@1.1.1", "", {}, "sha512-ei8Aos7ja0weRpFzJnEA9UHJ/7XQmqglbRwnf2ATjcB9Wq874VKH9kfjjirM6UhU2/E5fFYadylyhFldcqSidQ=="],

    "json-schema-typed": ["json-schema-typed@8.0.2", "", {}, "sha512-fQhoXdcvc3V28x7C7BMs4P5+kNlgUURe2jmUT1T//oBRMDrqy1QPelJimwZGo7Hg9VPV3EQV5Bnq4hbFy2vetA=="],

    "openapi-types": ["openapi-types@12.1.3", "", {}, "sha512-N4YtSYJqghVu4iek2ZUvcN/0aqH1kRDuNqzcycDxhOUpg7GdvLa2F3DgS6yBNhInhv2r/6I0Flkn7CqL8+nIcw=="],

    "radash": ["radash@12.1.1", "", {}, "sha512-h36JMxKRqrAxVD8201FrCpyeNuUY9Y5zZwujr20fFO77tpUtGa6EZzfKw/3WaiBX95fq7+MpsuMLNdSnORAwSA=="],

    "rou3": ["rou3@0.7.12", "", {}, "sha512-iFE4hLDuloSWcD7mjdCDhx2bKcIsYbtOTpfH5MHHLSKMOUyjqQXTeZVa289uuwEGEKFoE/BAPbhaU4B774nceg=="],

    "tagged-tag": ["tagged-tag@1.0.0", "", {}, "sha512-yEFYrVhod+hdNyx7g5Bnkkb0G6si8HJurOoOEgC8B/O0uXLHlaey/65KRv6cuWBNhBgHKAROVpc7QyYqE5gFng=="],

    "type-fest": ["type-fest@5.3.1", "", { "dependencies": { "tagged-tag": "^1.0.0" } }, "sha512-VCn+LMHbd4t6sF3wfU/+HKT63C9OoyrSIf4b+vtWHpt2U7/4InZG467YDNMFMR70DdHjAdpPWmw2lzRdg0Xqqg=="],

    "typescript": ["typescript@5.9.3", "", { "bin": { "tsc": "bin/tsc", "tsserver": "bin/tsserver" } }, "sha512-jl1vZzPDinLr9eUt3J/t7V6FgNEw9QjvBPdysz9KfQDD41fQrC2Y4vKQdiaUpFT4bXlb1RHhLpp8wtm6M5TgSw=="],

    "undici-types": ["undici-types@7.16.0", "", {}, "sha512-Zz+aZWSj8LE6zoxD+xrjh4VfkIG8Ya6LvYkZqtUQGJPZjYl53ypCaUwWqo7eI0x66KBGeRo+mlBEkMSeSZ38Nw=="],

    "zod": ["zod@4.2.1", "", {}, "sha512-0wZ1IRqGGhMP76gLqz8EyfBXKk0J2qo2+H3fi4mcUP/KtTocoX08nmIAHl1Z2kJIZbZee8KOpBCSNPRgauucjw=="],
  }
}
